// !$*UTF8*$!
{
	archiveVersion = 1;
	classes = {
	};
	objectVersion = 46;
	objects = {

/* Begin PBXBuildFile section */
		CD0137DF1F3D433100293CB8 /* SecondController.m in Sources */ = {isa = PBXBuildFile; fileRef = CD0137DD1F3D433100293CB8 /* SecondController.m */; };
		CD0137E01F3D433100293CB8 /* SecondController.xib in Resources */ = {isa = PBXBuildFile; fileRef = CD0137DE1F3D433100293CB8 /* SecondController.xib */; };
		CD0137E31F3D7F9400293CB8 /* UIViewController+LYSwizzle.m in Sources */ = {isa = PBXBuildFile; fileRef = CD0137E21F3D7F9400293CB8 /* UIViewController+LYSwizzle.m */; };
		CD01E8C21F3C0476007CC1A4 /* main.m in Sources */ = {isa = PBXBuildFile; fileRef = CD01E8C11F3C0476007CC1A4 /* main.m */; };
		CD01E8C51F3C0476007CC1A4 /* AppDelegate.m in Sources */ = {isa = PBXBuildFile; fileRef = CD01E8C41F3C0476007CC1A4 /* AppDelegate.m */; };
		CD01E8C81F3C0476007CC1A4 /* ViewController.m in Sources */ = {isa = PBXBuildFile; fileRef = CD01E8C71F3C0476007CC1A4 /* ViewController.m */; };
		CD01E8CB1F3C0476007CC1A4 /* Main.storyboard in Resources */ = {isa = PBXBuildFile; fileRef = CD01E8C91F3C0476007CC1A4 /* Main.storyboard */; };
		CD01E8CD1F3C0476007CC1A4 /* Assets.xcassets in Resources */ = {isa = PBXBuildFile; fileRef = CD01E8CC1F3C0476007CC1A4 /* Assets.xcassets */; };
		CD01E8D01F3C0476007CC1A4 /* LaunchScreen.storyboard in Resources */ = {isa = PBXBuildFile; fileRef = CD01E8CE1F3C0476007CC1A4 /* LaunchScreen.storyboard */; };
		CD01E8DB1F3C0477007CC1A4 /* LYRunTimeLogTests.m in Sources */ = {isa = PBXBuildFile; fileRef = CD01E8DA1F3C0477007CC1A4 /* LYRunTimeLogTests.m */; };
		CD01E8E61F3C0477007CC1A4 /* LYRunTimeLogUITests.m in Sources */ = {isa = PBXBuildFile; fileRef = CD01E8E51F3C0477007CC1A4 /* LYRunTimeLogUITests.m */; };
		CD01E8F61F3C0608007CC1A4 /* Aspects.m in Sources */ = {isa = PBXBuildFile; fileRef = CD01E8F51F3C0608007CC1A4 /* Aspects.m */; };
		CD01E8F91F3C0644007CC1A4 /* LYHookUtility.m in Sources */ = {isa = PBXBuildFile; fileRef = CD01E8F81F3C0644007CC1A4 /* LYHookUtility.m */; };
		CD01E8FE1F3C0D92007CC1A4 /* UIControl+LYSwizzle.m in Sources */ = {isa = PBXBuildFile; fileRef = CD01E8FD1F3C0D92007CC1A4 /* UIControl+LYSwizzle.m */; };
		CD01E9001F3C10E0007CC1A4 /* LYFieldType.plist in Resources */ = {isa = PBXBuildFile; fileRef = CD01E8FF1F3C10E0007CC1A4 /* LYFieldType.plist */; };
		CD01E9041F3C2B2F007CC1A4 /* LYUserStatist.m in Sources */ = {isa = PBXBuildFile; fileRef = CD01E9031F3C2B2F007CC1A4 /* LYUserStatist.m */; };
/* End PBXBuildFile section */

/* Begin PBXContainerItemProxy section */
		CD01E8D71F3C0477007CC1A4 /* PBXContainerItemProxy */ = {
			isa = PBXContainerItemProxy;
			containerPortal = CD01E8B51F3C0476007CC1A4 /* Project object */;
			proxyType = 1;
			remoteGlobalIDString = CD01E8BC1F3C0476007CC1A4;
			remoteInfo = LYRunTimeLog;
		};
		CD01E8E21F3C0477007CC1A4 /* PBXContainerItemProxy */ = {
			isa = PBXContainerItemProxy;
			containerPortal = CD01E8B51F3C0476007CC1A4 /* Project object */;
			proxyType = 1;
			remoteGlobalIDString = CD01E8BC1F3C0476007CC1A4;
			remoteInfo = LYRunTimeLog;
		};
/* End PBXContainerItemProxy section */

/* Begin PBXFileReference section */
		CD0137DC1F3D433100293CB8 /* SecondController.h */ = {isa = PBXFileReference; fileEncoding = 4; lastKnownFileType = sourcecode.c.h; path = SecondController.h; sourceTree = "<group>"; };
		CD0137DD1F3D433100293CB8 /* SecondController.m */ = {isa = PBXFileReference; fileEncoding = 4; lastKnownFileType = sourcecode.c.objc; path = SecondController.m; sourceTree = "<group>"; };
		CD0137DE1F3D433100293CB8 /* SecondController.xib */ = {isa = PBXFileReference; fileEncoding = 4; lastKnownFileType = file.xib; path = SecondController.xib; sourceTree = "<group>"; };
		CD0137E11F3D7F9400293CB8 /* UIViewController+LYSwizzle.h */ = {isa = PBXFileReference; fileEncoding = 4; lastKnownFileType = sourcecode.c.h; path = "UIViewController+LYSwizzle.h"; sourceTree = "<group>"; };
		CD0137E21F3D7F9400293CB8 /* UIViewController+LYSwizzle.m */ = {isa = PBXFileReference; fileEncoding = 4; lastKnownFileType = sourcecode.c.objc; path = "UIViewController+LYSwizzle.m"; sourceTree = "<group>"; };
		CD01E8BD1F3C0476007CC1A4 /* LYRunTimeLog.app */ = {isa = PBXFileReference; explicitFileType = wrapper.application; includeInIndex = 0; path = LYRunTimeLog.app; sourceTree = BUILT_PRODUCTS_DIR; };
		CD01E8C11F3C0476007CC1A4 /* main.m */ = {isa = PBXFileReference; lastKnownFileType = sourcecode.c.objc; path = main.m; sourceTree = "<group>"; };
		CD01E8C31F3C0476007CC1A4 /* AppDelegate.h */ = {isa = PBXFileReference; lastKnownFileType = sourcecode.c.h; path = AppDelegate.h; sourceTree = "<group>"; };
		CD01E8C41F3C0476007CC1A4 /* AppDelegate.m */ = {isa = PBXFileReference; lastKnownFileType = sourcecode.c.objc; path = AppDelegate.m; sourceTree = "<group>"; };
		CD01E8C61F3C0476007CC1A4 /* ViewController.h */ = {isa = PBXFileReference; lastKnownFileType = sourcecode.c.h; path = ViewController.h; sourceTree = "<group>"; };
		CD01E8C71F3C0476007CC1A4 /* ViewController.m */ = {isa = PBXFileReference; lastKnownFileType = sourcecode.c.objc; path = ViewController.m; sourceTree = "<group>"; };
		CD01E8CA1F3C0476007CC1A4 /* Base */ = {isa = PBXFileReference; lastKnownFileType = file.storyboard; name = Base; path = Base.lproj/Main.storyboard; sourceTree = "<group>"; };
		CD01E8CC1F3C0476007CC1A4 /* Assets.xcassets */ = {isa = PBXFileReference; lastKnownFileType = folder.assetcatalog; path = Assets.xcassets; sourceTree = "<group>"; };
		CD01E8CF1F3C0476007CC1A4 /* Base */ = {isa = PBXFileReference; lastKnownFileType = file.storyboard; name = Base; path = Base.lproj/LaunchScreen.storyboard; sourceTree = "<group>"; };
		CD01E8D11F3C0476007CC1A4 /* Info.plist */ = {isa = PBXFileReference; lastKnownFileType = text.plist.xml; path = Info.plist; sourceTree = "<group>"; };
		CD01E8D61F3C0477007CC1A4 /* LYRunTimeLogTests.xctest */ = {isa = PBXFileReference; explicitFileType = wrapper.cfbundle; includeInIndex = 0; path = LYRunTimeLogTests.xctest; sourceTree = BUILT_PRODUCTS_DIR; };
		CD01E8DA1F3C0477007CC1A4 /* LYRunTimeLogTests.m */ = {isa = PBXFileReference; lastKnownFileType = sourcecode.c.objc; path = LYRunTimeLogTests.m; sourceTree = "<group>"; };
		CD01E8DC1F3C0477007CC1A4 /* Info.plist */ = {isa = PBXFileReference; lastKnownFileType = text.plist.xml; path = Info.plist; sourceTree = "<group>"; };
		CD01E8E11F3C0477007CC1A4 /* LYRunTimeLogUITests.xctest */ = {isa = PBXFileReference; explicitFileType = wrapper.cfbundle; includeInIndex = 0; path = LYRunTimeLogUITests.xctest; sourceTree = BUILT_PRODUCTS_DIR; };
		CD01E8E51F3C0477007CC1A4 /* LYRunTimeLogUITests.m */ = {isa = PBXFileReference; lastKnownFileType = sourcecode.c.objc; path = LYRunTimeLogUITests.m; sourceTree = "<group>"; };
		CD01E8E71F3C0477007CC1A4 /* Info.plist */ = {isa = PBXFileReference; lastKnownFileType = text.plist.xml; path = Info.plist; sourceTree = "<group>"; };
		CD01E8F41F3C0608007CC1A4 /* Aspects.h */ = {isa = PBXFileReference; fileEncoding = 4; lastKnownFileType = sourcecode.c.h; path = Aspects.h; sourceTree = "<group>"; };
		CD01E8F51F3C0608007CC1A4 /* Aspects.m */ = {isa = PBXFileReference; fileEncoding = 4; lastKnownFileType = sourcecode.c.objc; path = Aspects.m; sourceTree = "<group>"; };
		CD01E8F71F3C0644007CC1A4 /* LYHookUtility.h */ = {isa = PBXFileReference; fileEncoding = 4; lastKnownFileType = sourcecode.c.h; path = LYHookUtility.h; sourceTree = "<group>"; };
		CD01E8F81F3C0644007CC1A4 /* LYHookUtility.m */ = {isa = PBXFileReference; fileEncoding = 4; lastKnownFileType = sourcecode.c.objc; path = LYHookUtility.m; sourceTree = "<group>"; };
		CD01E8FC1F3C0D92007CC1A4 /* UIControl+LYSwizzle.h */ = {isa = PBXFileReference; fileEncoding = 4; lastKnownFileType = sourcecode.c.h; path = "UIControl+LYSwizzle.h"; sourceTree = "<group>"; };
		CD01E8FD1F3C0D92007CC1A4 /* UIControl+LYSwizzle.m */ = {isa = PBXFileReference; fileEncoding = 4; lastKnownFileType = sourcecode.c.objc; path = "UIControl+LYSwizzle.m"; sourceTree = "<group>"; };
		CD01E8FF1F3C10E0007CC1A4 /* LYFieldType.plist */ = {isa = PBXFileReference; fileEncoding = 4; lastKnownFileType = text.plist.xml; path = LYFieldType.plist; sourceTree = "<group>"; };
		CD01E9011F3C2A11007CC1A4 /* LYEventId.h */ = {isa = PBXFileReference; lastKnownFileType = sourcecode.c.h; path = LYEventId.h; sourceTree = "<group>"; };
		CD01E9021F3C2B2F007CC1A4 /* LYUserStatist.h */ = {isa = PBXFileReference; fileEncoding = 4; lastKnownFileType = sourcecode.c.h; path = LYUserStatist.h; sourceTree = "<group>"; };
		CD01E9031F3C2B2F007CC1A4 /* LYUserStatist.m */ = {isa = PBXFileReference; fileEncoding = 4; lastKnownFileType = sourcecode.c.objc; path = LYUserStatist.m; sourceTree = "<group>"; };
/* End PBXFileReference section */

/* Begin PBXFrameworksBuildPhase section */
		CD01E8BA1F3C0476007CC1A4 /* Frameworks */ = {
			isa = PBXFrameworksBuildPhase;
			buildActionMask = 2147483647;
			files = (
			);
			runOnlyForDeploymentPostprocessing = 0;
		};
		CD01E8D31F3C0477007CC1A4 /* Frameworks */ = {
			isa = PBXFrameworksBuildPhase;
			buildActionMask = 2147483647;
			files = (
			);
			runOnlyForDeploymentPostprocessing = 0;
		};
		CD01E8DE1F3C0477007CC1A4 /* Frameworks */ = {
			isa = PBXFrameworksBuildPhase;
			buildActionMask = 2147483647;
			files = (
			);
			runOnlyForDeploymentPostprocessing = 0;
		};
/* End PBXFrameworksBuildPhase section */

/* Begin PBXGroup section */
		CD01E8B41F3C0476007CC1A4 = {
			isa = PBXGroup;
			children = (
				CD01E8BF1F3C0476007CC1A4 /* LYRunTimeLog */,
				CD01E8D91F3C0477007CC1A4 /* LYRunTimeLogTests */,
				CD01E8E41F3C0477007CC1A4 /* LYRunTimeLogUITests */,
				CD01E8BE1F3C0476007CC1A4 /* Products */,
			);
			sourceTree = "<group>";
		};
		CD01E8BE1F3C0476007CC1A4 /* Products */ = {
			isa = PBXGroup;
			children = (
				CD01E8BD1F3C0476007CC1A4 /* LYRunTimeLog.app */,
				CD01E8D61F3C0477007CC1A4 /* LYRunTimeLogTests.xctest */,
				CD01E8E11F3C0477007CC1A4 /* LYRunTimeLogUITests.xctest */,
			);
			name = Products;
			sourceTree = "<group>";
		};
		CD01E8BF1F3C0476007CC1A4 /* LYRunTimeLog */ = {
			isa = PBXGroup;
			children = (
				CD01E8F31F3C05F2007CC1A4 /* Tools */,
				CD01E8C31F3C0476007CC1A4 /* AppDelegate.h */,
				CD01E8C41F3C0476007CC1A4 /* AppDelegate.m */,
				CD01E8FC1F3C0D92007CC1A4 /* UIControl+LYSwizzle.h */,
				CD01E8FD1F3C0D92007CC1A4 /* UIControl+LYSwizzle.m */,
				CD0137E11F3D7F9400293CB8 /* UIViewController+LYSwizzle.h */,
				CD0137E21F3D7F9400293CB8 /* UIViewController+LYSwizzle.m */,
				CD01E8FF1F3C10E0007CC1A4 /* LYFieldType.plist */,
				CD01E9011F3C2A11007CC1A4 /* LYEventId.h */,
				CD01E9021F3C2B2F007CC1A4 /* LYUserStatist.h */,
				CD01E9031F3C2B2F007CC1A4 /* LYUserStatist.m */,
				CD01E8C61F3C0476007CC1A4 /* ViewController.h */,
				CD01E8C71F3C0476007CC1A4 /* ViewController.m */,
				CD0137DC1F3D433100293CB8 /* SecondController.h */,
				CD0137DD1F3D433100293CB8 /* SecondController.m */,
				CD0137DE1F3D433100293CB8 /* SecondController.xib */,
				CD01E8C91F3C0476007CC1A4 /* Main.storyboard */,
				CD01E8CC1F3C0476007CC1A4 /* Assets.xcassets */,
				CD01E8CE1F3C0476007CC1A4 /* LaunchScreen.storyboard */,
				CD01E8D11F3C0476007CC1A4 /* Info.plist */,
				CD01E8C01F3C0476007CC1A4 /* Supporting Files */,
			);
			path = LYRunTimeLog;
			sourceTree = "<group>";
		};
		CD01E8C01F3C0476007CC1A4 /* Supporting Files */ = {
			isa = PBXGroup;
			children = (
				CD01E8C11F3C0476007CC1A4 /* main.m */,
			);
			name = "Supporting Files";
			sourceTree = "<group>";
		};
		CD01E8D91F3C0477007CC1A4 /* LYRunTimeLogTests */ = {
			isa = PBXGroup;
			children = (
				CD01E8DA1F3C0477007CC1A4 /* LYRunTimeLogTests.m */,
				CD01E8DC1F3C0477007CC1A4 /* Info.plist */,
			);
			path = LYRunTimeLogTests;
			sourceTree = "<group>";
		};
		CD01E8E41F3C0477007CC1A4 /* LYRunTimeLogUITests */ = {
			isa = PBXGroup;
			children = (
				CD01E8E51F3C0477007CC1A4 /* LYRunTimeLogUITests.m */,
				CD01E8E71F3C0477007CC1A4 /* Info.plist */,
			);
			path = LYRunTimeLogUITests;
			sourceTree = "<group>";
		};
		CD01E8F31F3C05F2007CC1A4 /* Tools */ = {
			isa = PBXGroup;
			children = (
				CD01E8F41F3C0608007CC1A4 /* Aspects.h */,
				CD01E8F51F3C0608007CC1A4 /* Aspects.m */,
				CD01E8F71F3C0644007CC1A4 /* LYHookUtility.h */,
				CD01E8F81F3C0644007CC1A4 /* LYHookUtility.m */,
			);
			path = Tools;
			sourceTree = "<group>";
		};
/* End PBXGroup section */

/* Begin PBXNativeTarget section */
		CD01E8BC1F3C0476007CC1A4 /* LYRunTimeLog */ = {
			isa = PBXNativeTarget;
			buildConfigurationList = CD01E8EA1F3C0477007CC1A4 /* Build configuration list for PBXNativeTarget "LYRunTimeLog" */;
			buildPhases = (
				CD01E8B91F3C0476007CC1A4 /* Sources */,
				CD01E8BA1F3C0476007CC1A4 /* Frameworks */,
				CD01E8BB1F3C0476007CC1A4 /* Resources */,
			);
			buildRules = (
			);
			dependencies = (
			);
			name = LYRunTimeLog;
			productName = LYRunTimeLog;
			productReference = CD01E8BD1F3C0476007CC1A4 /* LYRunTimeLog.app */;
			productType = "com.apple.product-type.application";
		};
		CD01E8D51F3C0477007CC1A4 /* LYRunTimeLogTests */ = {
			isa = PBXNativeTarget;
			buildConfigurationList = CD01E8ED1F3C0477007CC1A4 /* Build configuration list for PBXNativeTarget "LYRunTimeLogTests" */;
			buildPhases = (
				CD01E8D21F3C0477007CC1A4 /* Sources */,
				CD01E8D31F3C0477007CC1A4 /* Frameworks */,
				CD01E8D41F3C0477007CC1A4 /* Resources */,
			);
			buildRules = (
			);
			dependencies = (
				CD01E8D81F3C0477007CC1A4 /* PBXTargetDependency */,
			);
			name = LYRunTimeLogTests;
			productName = LYRunTimeLogTests;
			productReference = CD01E8D61F3C0477007CC1A4 /* LYRunTimeLogTests.xctest */;
			productType = "com.apple.product-type.bundle.unit-test";
		};
		CD01E8E01F3C0477007CC1A4 /* LYRunTimeLogUITests */ = {
			isa = PBXNativeTarget;
			buildConfigurationList = CD01E8F01F3C0477007CC1A4 /* Build configuration list for PBXNativeTarget "LYRunTimeLogUITests" */;
			buildPhases = (
				CD01E8DD1F3C0477007CC1A4 /* Sources */,
				CD01E8DE1F3C0477007CC1A4 /* Frameworks */,
				CD01E8DF1F3C0477007CC1A4 /* Resources */,
			);
			buildRules = (
			);
			dependencies = (
				CD01E8E31F3C0477007CC1A4 /* PBXTargetDependency */,
			);
			name = LYRunTimeLogUITests;
			productName = LYRunTimeLogUITests;
			productReference = CD01E8E11F3C0477007CC1A4 /* LYRunTimeLogUITests.xctest */;
			productType = "com.apple.product-type.bundle.ui-testing";
		};
/* End PBXNativeTarget section */

/* Begin PBXProject section */
		CD01E8B51F3C0476007CC1A4 /* Project object */ = {
			isa = PBXProject;
			attributes = {
				LastUpgradeCheck = 0820;
				ORGANIZATIONNAME = liuyang;
				TargetAttributes = {
					CD01E8BC1F3C0476007CC1A4 = {
						CreatedOnToolsVersion = 8.2.1;
						DevelopmentTeam = 3VMZN2938E;
						ProvisioningStyle = Automatic;
					};
					CD01E8D51F3C0477007CC1A4 = {
						CreatedOnToolsVersion = 8.2.1;
						DevelopmentTeam = 3VMZN2938E;
						ProvisioningStyle = Automatic;
						TestTargetID = CD01E8BC1F3C0476007CC1A4;
					};
					CD01E8E01F3C0477007CC1A4 = {
						CreatedOnToolsVersion = 8.2.1;
						DevelopmentTeam = 3VMZN2938E;
						ProvisioningStyle = Automatic;
						TestTargetID = CD01E8BC1F3C0476007CC1A4;
					};
				};
			};
			buildConfigurationList = CD01E8B81F3C0476007CC1A4 /* Build configuration list for PBXProject "LYRunTimeLog" */;
			compatibilityVersion = "Xcode 3.2";
			developmentRegion = English;
			hasScannedForEncodings = 0;
			knownRegions = (
				en,
				Base,
			);
			mainGroup = CD01E8B41F3C0476007CC1A4;
			productRefGroup = CD01E8BE1F3C0476007CC1A4 /* Products */;
			projectDirPath = "";
			projectRoot = "";
			targets = (
				CD01E8BC1F3C0476007CC1A4 /* LYRunTimeLog */,
				CD01E8D51F3C0477007CC1A4 /* LYRunTimeLogTests */,
				CD01E8E01F3C0477007CC1A4 /* LYRunTimeLogUITests */,
			);
		};
/* End PBXProject section */

/* Begin PBXResourcesBuildPhase section */
		CD01E8BB1F3C0476007CC1A4 /* Resources */ = {
			isa = PBXResourcesBuildPhase;
			buildActionMask = 2147483647;
			files = (
				CD01E8D01F3C0476007CC1A4 /* LaunchScreen.storyboard in Resources */,
				CD01E8CD1F3C0476007CC1A4 /* Assets.xcassets in Resources */,
				CD01E9001F3C10E0007CC1A4 /* LYFieldType.plist in Resources */,
				CD0137E01F3D433100293CB8 /* SecondController.xib in Resources */,
				CD01E8CB1F3C0476007CC1A4 /* Main.storyboard in Resources */,
			);
			runOnlyForDeploymentPostprocessing = 0;
		};
		CD01E8D41F3C0477007CC1A4 /* Resources */ = {
			isa = PBXResourcesBuildPhase;
			buildActionMask = 2147483647;
			files = (
			);
			runOnlyForDeploymentPostprocessing = 0;
		};
		CD01E8DF1F3C0477007CC1A4 /* Resources */ = {
			isa = PBXResourcesBuildPhase;
			buildActionMask = 2147483647;
			files = (
			);
			runOnlyForDeploymentPostprocessing = 0;
		};
/* End PBXResourcesBuildPhase section */

/* Begin PBXSourcesBuildPhase section */
		CD01E8B91F3C0476007CC1A4 /* Sources */ = {
			isa = PBXSourcesBuildPhase;
			buildActionMask = 2147483647;
			files = (
				CD01E8F91F3C0644007CC1A4 /* LYHookUtility.m in Sources */,
				CD01E9041F3C2B2F007CC1A4 /* LYUserStatist.m in Sources */,
				CD01E8FE1F3C0D92007CC1A4 /* UIControl+LYSwizzle.m in Sources */,
				CD01E8C81F3C0476007CC1A4 /* ViewController.m in Sources */,
				CD01E8C51F3C0476007CC1A4 /* AppDelegate.m in Sources */,
				CD0137E31F3D7F9400293CB8 /* UIViewController+LYSwizzle.m in Sources */,
				CD0137DF1F3D433100293CB8 /* SecondController.m in Sources */,
				CD01E8C21F3C0476007CC1A4 /* main.m in Sources */,
				CD01E8F61F3C0608007CC1A4 /* Aspects.m in Sources */,
			);
			runOnlyForDeploymentPostprocessing = 0;
		};
		CD01E8D21F3C0477007CC1A4 /* Sources */ = {
			isa = PBXSourcesBuildPhase;
			buildActionMask = 2147483647;
			files = (
				CD01E8DB1F3C0477007CC1A4 /* LYRunTimeLogTests.m in Sources */,
			);
			runOnlyForDeploymentPostprocessing = 0;
		};
		CD01E8DD1F3C0477007CC1A4 /* Sources */ = {
			isa = PBXSourcesBuildPhase;
			buildActionMask = 2147483647;
			files = (
				CD01E8E61F3C0477007CC1A4 /* LYRunTimeLogUITests.m in Sources */,
			);
			runOnlyForDeploymentPostprocessing = 0;
		};
/* End PBXSourcesBuildPhase section */

/* Begin PBXTargetDependency section */
		CD01E8D81F3C0477007CC1A4 /* PBXTargetDependency */ = {
			isa = PBXTargetDependency;
			target = CD01E8BC1F3C0476007CC1A4 /* LYRunTimeLog */;
			targetProxy = CD01E8D71F3C0477007CC1A4 /* PBXContainerItemProxy */;
		};
		CD01E8E31F3C0477007CC1A4 /* PBXTargetDependency */ = {
			isa = PBXTargetDependency;
			target = CD01E8BC1F3C0476007CC1A4 /* LYRunTimeLog */;
			targetProxy = CD01E8E21F3C0477007CC1A4 /* PBXContainerItemProxy */;
		};
/* End PBXTargetDependency section */

/* Begin PBXVariantGroup section */
		CD01E8C91F3C0476007CC1A4 /* Main.storyboard */ = {
			isa = PBXVariantGroup;
			children = (
				CD01E8CA1F3C0476007CC1A4 /* Base */,
			);
			name = Main.storyboard;
			sourceTree = "<group>";
		};
		CD01E8CE1F3C0476007CC1A4 /* LaunchScreen.storyboard */ = {
			isa = PBXVariantGroup;
			children = (
				CD01E8CF1F3C0476007CC1A4 /* Base */,
			);
			name = LaunchScreen.storyboard;
			sourceTree = "<group>";
		};
/* End PBXVariantGroup section */

/* Begin XCBuildConfiguration section */
		CD01E8E81F3C0477007CC1A4 /* Debug */ = {
			isa = XCBuildConfiguration;
			buildSettings = {
				ALWAYS_SEARCH_USER_PATHS = NO;
				CLANG_ANALYZER_NONNULL = YES;
				CLANG_CXX_LANGUAGE_STANDARD = "gnu++0x";
				CLANG_CXX_LIBRARY = "libc++";
				CLANG_ENABLE_MODULES = YES;
				CLANG_ENABLE_OBJC_ARC = YES;
				CLANG_WARN_BOOL_CONVERSION = YES;
				CLANG_WARN_CONSTANT_CONVERSION = YES;
				CLANG_WARN_DIRECT_OBJC_ISA_USAGE = YES_ERROR;
				CLANG_WARN_DOCUMENTATION_COMMENTS = YES;
				CLANG_WARN_EMPTY_BODY = YES;
				CLANG_WARN_ENUM_CONVERSION = YES;
				CLANG_WARN_INFINITE_RECURSION = YES;
				CLANG_WARN_INT_CONVERSION = YES;
				CLANG_WARN_OBJC_ROOT_CLASS = YES_ERROR;
				CLANG_WARN_SUSPICIOUS_MOVE = YES;
				CLANG_WARN_UNREACHABLE_CODE = YES;
				CLANG_WARN__DUPLICATE_METHOD_MATCH = YES;
				"CODE_SIGN_IDENTITY[sdk=iphoneos*]" = "iPhone Developer";
				COPY_PHASE_STRIP = NO;
				DEBUG_INFORMATION_FORMAT = dwarf;
				ENABLE_STRICT_OBJC_MSGSEND = YES;
				ENABLE_TESTABILITY = YES;
				GCC_C_LANGUAGE_STANDARD = gnu99;
				GCC_DYNAMIC_NO_PIC = NO;
				GCC_NO_COMMON_BLOCKS = YES;
				GCC_OPTIMIZATION_LEVEL = 0;
				GCC_PREPROCESSOR_DEFINITIONS = (
					"DEBUG=1",
					"$(inherited)",
				);
				GCC_WARN_64_TO_32_BIT_CONVERSION = YES;
				GCC_WARN_ABOUT_RETURN_TYPE = YES_ERROR;
				GCC_WARN_UNDECLARED_SELECTOR = YES;
				GCC_WARN_UNINITIALIZED_AUTOS = YES_AGGRESSIVE;
				GCC_WARN_UNUSED_FUNCTION = YES;
				GCC_WARN_UNUSED_VARIABLE = YES;
				IPHONEOS_DEPLOYMENT_TARGET = 10.2;
				MTL_ENABLE_DEBUG_INFO = YES;
				ONLY_ACTIVE_ARCH = YES;
				SDKROOT = iphoneos;
				TARGETED_DEVICE_FAMILY = "1,2";
			};
			name = Debug;
		};
		CD01E8E91F3C0477007CC1A4 /* Release */ = {
			isa = XCBuildConfiguration;
			buildSettings = {
				ALWAYS_SEARCH_USER_PATHS = NO;
				CLANG_ANALYZER_NONNULL = YES;
				CLANG_CXX_LANGUAGE_STANDARD = "gnu++0x";
				CLANG_CXX_LIBRARY = "libc++";
				CLANG_ENABLE_MODULES = YES;
				CLANG_ENABLE_OBJC_ARC = YES;
				CLANG_WARN_BOOL_CONVERSION = YES;
				CLANG_WARN_CONSTANT_CONVERSION = YES;
				CLANG_WARN_DIRECT_OBJC_ISA_USAGE = YES_ERROR;
				CLANG_WARN_DOCUMENTATION_COMMENTS = YES;
				CLANG_WARN_EMPTY_BODY = YES;
				CLANG_WARN_ENUM_CONVERSION = YES;
				CLANG_WARN_INFINITE_RECURSION = YES;
				CLANG_WARN_INT_CONVERSION = YES;
				CLANG_WARN_OBJC_ROOT_CLASS = YES_ERROR;
				CLANG_WARN_SUSPICIOUS_MOVE = YES;
				CLANG_WARN_UNREACHABLE_CODE = YES;
				CLANG_WARN__DUPLICATE_METHOD_MATCH = YES;
				"CODE_SIGN_IDENTITY[sdk=iphoneos*]" = "iPhone Developer";
				COPY_PHASE_STRIP = NO;
				DEBUG_INFORMATION_FORMAT = "dwarf-with-dsym";
				ENABLE_NS_ASSERTIONS = NO;
				ENABLE_STRICT_OBJC_MSGSEND = YES;
				GCC_C_LANGUAGE_STANDARD = gnu99;
				GCC_NO_COMMON_BLOCKS = YES;
				GCC_WARN_64_TO_32_BIT_CONVERSION = YES;
				GCC_WARN_ABOUT_RETURN_TYPE = YES_ERROR;
				GCC_WARN_UNDECLARED_SELECTOR = YES;
				GCC_WARN_UNINITIALIZED_AUTOS = YES_AGGRESSIVE;
				GCC_WARN_UNUSED_FUNCTION = YES;
				GCC_WARN_UNUSED_VARIABLE = YES;
				IPHONEOS_DEPLOYMENT_TARGET = 10.2;
				MTL_ENABLE_DEBUG_INFO = NO;
				SDKROOT = iphoneos;
				TARGETED_DEVICE_FAMILY = "1,2";
				VALIDATE_PRODUCT = YES;
			};
			name = Release;
		};
		CD01E8EB1F3C0477007CC1A4 /* Debug */ = {
			isa = XCBuildConfiguration;
			buildSettings = {
				ASSETCATALOG_COMPILER_APPICON_NAME = AppIcon;
				DEVELOPMENT_TEAM = 3VMZN2938E;
				INFOPLIST_FILE = LYRunTimeLog/Info.plist;
				LD_RUNPATH_SEARCH_PATHS = "$(inherited) @executable_path/Frameworks";
				PRODUCT_BUNDLE_IDENTIFIER = YoungLiu.LYRunTimeLog;
				PRODUCT_NAME = "$(TARGET_NAME)";
			};
			name = Debug;
		};
		CD01E8EC1F3C0477007CC1A4 /* Release */ = {
			isa = XCBuildConfiguration;
			buildSettings = {
				ASSETCATALOG_COMPILER_APPICON_NAME = AppIcon;
				DEVELOPMENT_TEAM = 3VMZN2938E;
				INFOPLIST_FILE = LYRunTimeLog/Info.plist;
				LD_RUNPATH_SEARCH_PATHS = "$(inherited) @executable_path/Frameworks";
				PRODUCT_BUNDLE_IDENTIFIER = YoungLiu.LYRunTimeLog;
				PRODUCT_NAME = "$(TARGET_NAME)";
			};
			name = Release;
		};
		CD01E8EE1F3C0477007CC1A4 /* Debug */ = {
			isa = XCBuildConfiguration;
			buildSettings = {
				BUNDLE_LOADER = "$(TEST_HOST)";
				DEVELOPMENT_TEAM = 3VMZN2938E;
				INFOPLIST_FILE = LYRunTimeLogTests/Info.plist;
				LD_RUNPATH_SEARCH_PATHS = "$(inherited) @executable_path/Frameworks @loader_path/Frameworks";
				PRODUCT_BUNDLE_IDENTIFIER = YoungLiu.LYRunTimeLogTests;
				PRODUCT_NAME = "$(TARGET_NAME)";
				TEST_HOST = "$(BUILT_PRODUCTS_DIR)/LYRunTimeLog.app/LYRunTimeLog";
			};
			name = Debug;
		};
		CD01E8EF1F3C0477007CC1A4 /* Release */ = {
			isa = XCBuildConfiguration;
			buildSettings = {
				BUNDLE_LOADER = "$(TEST_HOST)";
				DEVELOPMENT_TEAM = 3VMZN2938E;
				INFOPLIST_FILE = LYRunTimeLogTests/Info.plist;
				LD_RUNPATH_SEARCH_PATHS = "$(inherited) @executable_path/Frameworks @loader_path/Frameworks";
				PRODUCT_BUNDLE_IDENTIFIER = YoungLiu.LYRunTimeLogTests;
				PRODUCT_NAME = "$(TARGET_NAME)";
				TEST_HOST = "$(BUILT_PRODUCTS_DIR)/LYRunTimeLog.app/LYRunTimeLog";
			};
			name = Release;
		};
		CD01E8F11F3C0477007CC1A4 /* Debug */ = {
			isa = XCBuildConfiguration;
			buildSettings = {
				DEVELOPMENT_TEAM = 3VMZN2938E;
				INFOPLIST_FILE = LYRunTimeLogUITests/Info.plist;
				LD_RUNPATH_SEARCH_PATHS = "$(inherited) @executable_path/Frameworks @loader_path/Frameworks";
				PRODUCT_BUNDLE_IDENTIFIER = YoungLiu.LYRunTimeLogUITests;
				PRODUCT_NAME = "$(TARGET_NAME)";
				TEST_TARGET_NAME = LYRunTimeLog;
			};
			name = Debug;
		};
		CD01E8F21F3C0477007CC1A4 /* Release */ = {
			isa = XCBuildConfiguration;
			buildSettings = {
				DEVELOPMENT_TEAM = 3VMZN2938E;
				INFOPLIST_FILE = LYRunTimeLogUITests/Info.plist;
				LD_RUNPATH_SEARCH_PATHS = "$(inherited) @executable_path/Frameworks @loader_path/Frameworks";
				PRODUCT_BUNDLE_IDENTIFIER = YoungLiu.LYRunTimeLogUITests;
				PRODUCT_NAME = "$(TARGET_NAME)";
				TEST_TARGET_NAME = LYRunTimeLog;
			};
			name = Release;
		};
/* End XCBuildConfiguration section */

/* Begin XCConfigurationList section */
		CD01E8B81F3C0476007CC1A4 /* Build configuration list for PBXProject "LYRunTimeLog" */ = {
			isa = XCConfigurationList;
			buildConfigurations = (
				CD01E8E81F3C0477007CC1A4 /* Debug */,
				CD01E8E91F3C0477007CC1A4 /* Release */,
			);
			defaultConfigurationIsVisible = 0;
			defaultConfigurationName = Release;
		};
		CD01E8EA1F3C0477007CC1A4 /* Build configuration list for PBXNativeTarget "LYRunTimeLog" */ = {
			isa = XCConfigurationList;
			buildConfigurations = (
				CD01E8EB1F3C0477007CC1A4 /* Debug */,
				CD01E8EC1F3C0477007CC1A4 /* Release */,
			);
			defaultConfigurationIsVisible = 0;
			defaultConfigurationName = Release;
		};
		CD01E8ED1F3C0477007CC1A4 /* Build configuration list for PBXNativeTarget "LYRunTimeLogTests" */ = {
			isa = XCConfigurationList;
			buildConfigurations = (
				CD01E8EE1F3C0477007CC1A4 /* Debug */,
				CD01E8EF1F3C0477007CC1A4 /* Release */,
			);
			defaultConfigurationIsVisible = 0;
			defaultConfigurationName = Release;
		};
		CD01E8F01F3C0477007CC1A4 /* Build configuration list for PBXNativeTarget "LYRunTimeLogUITests" */ = {
			isa = XCConfigurationList;
			buildConfigurations = (
				CD01E8F11F3C0477007CC1A4 /* Debug */,
				CD01E8F21F3C0477007CC1A4 /* Release */,
			);
			defaultConfigurationIsVisible = 0;
			defaultConfigurationName = Release;
		};
/* End XCConfigurationList section */
	};
	rootObject = CD01E8B51F3C0476007CC1A4 /* Project object */;
}
